<?xml version="1.0" encoding="utf-8"?>
<Project ToolsVersion="17.0" xmlns="http://schemas.microsoft.com/developer/msbuild/2003">
  <ItemGroup>
    <CustomBuild Include="C:\Users\FIRAT\Desktop\00\00\build_win\CMakeFiles\8ad8fb2fb70e0b2498d583fa6b73efb2\RUN_TESTS_force.rule">
      <Filter>CMake Rules</Filter>
    </CustomBuild>
  </ItemGroup>
  <ItemGroup>
    <Filter Include="CMake Rules">
      <UniqueIdentifier>{110E9E61-5C29-347D-A205-BC804FE4EF59}</UniqueIdentifier>
    </Filter>
  </ItemGroup>
</Project>
