
Microsoft Visual Studio Solution File, Format Version 12.00
# Visual Studio Version 17
Project("{8BC9CEB8-8B4A-11D0-8D11-00A0C91BC942}") = "ALL_BUILD", "ALL_BUILD.vcxproj", "{1D606D56-0B75-346B-BA9B-E20583DF98E1}"
	ProjectSection(ProjectDependencies) = postProject
		{55E926CB-BFC5-3A0E-ADAD-FD4E39DD71F9} = {55E926CB-BFC5-3A0E-ADAD-FD4E39DD71F9}
		{F9623525-4603-360F-BFE5-552296441436} = {F9623525-4603-360F-BFE5-552296441436}
		{8ACE2075-0CD4-3398-A7F1-87DF61FCCEB8} = {8ACE2075-0CD4-3398-A7F1-87DF61FCCEB8}
		{893D15C5-0D63-3B56-AAF7-54FC3D988E0F} = {893D15C5-0D63-3B56-AAF7-54FC3D988E0F}
		{6087FF41-A56A-306D-B02F-B6F34D1F8530} = {6087FF41-A56A-306D-B02F-B6F34D1F8530}
	EndProjectSection
EndProject
Project("{8BC9CEB8-8B4A-11D0-8D11-00A0C91BC942}") = "INSTALL", "INSTALL.vcxproj", "{E3653CF5-B93B-3E8B-A8F3-3218167252B6}"
	ProjectSection(ProjectDependencies) = postProject
		{1D606D56-0B75-346B-BA9B-E20583DF98E1} = {1D606D56-0B75-346B-BA9B-E20583DF98E1}
		{55E926CB-BFC5-3A0E-ADAD-FD4E39DD71F9} = {55E926CB-BFC5-3A0E-ADAD-FD4E39DD71F9}
	EndProjectSection
EndProject
Project("{8BC9CEB8-8B4A-11D0-8D11-00A0C91BC942}") = "RUN_TESTS", "RUN_TESTS.vcxproj", "{91830764-CEBF-339D-A0A6-2E5F0F9E42A4}"
	ProjectSection(ProjectDependencies) = postProject
		{55E926CB-BFC5-3A0E-ADAD-FD4E39DD71F9} = {55E926CB-BFC5-3A0E-ADAD-FD4E39DD71F9}
	EndProjectSection
EndProject
Project("{8BC9CEB8-8B4A-11D0-8D11-00A0C91BC942}") = "ZERO_CHECK", "..\..\..\..\\ZERO_CHECK.vcxproj", "{55E926CB-BFC5-3A0E-ADAD-FD4E39DD71F9}"
	ProjectSection(ProjectDependencies) = postProject
	EndProjectSection
EndProject
Project("{8BC9CEB8-8B4A-11D0-8D11-00A0C91BC942}") = "gmock", "gmock.vcxproj", "{F9623525-4603-360F-BFE5-552296441436}"
	ProjectSection(ProjectDependencies) = postProject
		{55E926CB-BFC5-3A0E-ADAD-FD4E39DD71F9} = {55E926CB-BFC5-3A0E-ADAD-FD4E39DD71F9}
	EndProjectSection
EndProject
Project("{8BC9CEB8-8B4A-11D0-8D11-00A0C91BC942}") = "gmock_main", "gmock_main.vcxproj", "{8ACE2075-0CD4-3398-A7F1-87DF61FCCEB8}"
	ProjectSection(ProjectDependencies) = postProject
		{55E926CB-BFC5-3A0E-ADAD-FD4E39DD71F9} = {55E926CB-BFC5-3A0E-ADAD-FD4E39DD71F9}
	EndProjectSection
EndProject
Project("{8BC9CEB8-8B4A-11D0-8D11-00A0C91BC942}") = "gtest", "..\googletest\gtest.vcxproj", "{893D15C5-0D63-3B56-AAF7-54FC3D988E0F}"
	ProjectSection(ProjectDependencies) = postProject
		{55E926CB-BFC5-3A0E-ADAD-FD4E39DD71F9} = {55E926CB-BFC5-3A0E-ADAD-FD4E39DD71F9}
	EndProjectSection
EndProject
Project("{8BC9CEB8-8B4A-11D0-8D11-00A0C91BC942}") = "gtest_main", "..\googletest\gtest_main.vcxproj", "{6087FF41-A56A-306D-B02F-B6F34D1F8530}"
	ProjectSection(ProjectDependencies) = postProject
		{55E926CB-BFC5-3A0E-ADAD-FD4E39DD71F9} = {55E926CB-BFC5-3A0E-ADAD-FD4E39DD71F9}
		{893D15C5-0D63-3B56-AAF7-54FC3D988E0F} = {893D15C5-0D63-3B56-AAF7-54FC3D988E0F}
	EndProjectSection
EndProject
Global
	GlobalSection(SolutionConfigurationPlatforms) = preSolution
		Debug|x64 = Debug|x64
		Release|x64 = Release|x64
	EndGlobalSection
	GlobalSection(ProjectConfigurationPlatforms) = postSolution
		{1D606D56-0B75-346B-BA9B-E20583DF98E1}.Debug|x64.ActiveCfg = Debug|x64
		{1D606D56-0B75-346B-BA9B-E20583DF98E1}.Debug|x64.Build.0 = Debug|x64
		{1D606D56-0B75-346B-BA9B-E20583DF98E1}.Release|x64.ActiveCfg = Release|x64
		{1D606D56-0B75-346B-BA9B-E20583DF98E1}.Release|x64.Build.0 = Release|x64
		{E3653CF5-B93B-3E8B-A8F3-3218167252B6}.Debug|x64.ActiveCfg = Debug|x64
		{E3653CF5-B93B-3E8B-A8F3-3218167252B6}.Release|x64.ActiveCfg = Release|x64
		{91830764-CEBF-339D-A0A6-2E5F0F9E42A4}.Debug|x64.ActiveCfg = Debug|x64
		{91830764-CEBF-339D-A0A6-2E5F0F9E42A4}.Release|x64.ActiveCfg = Release|x64
		{55E926CB-BFC5-3A0E-ADAD-FD4E39DD71F9}.Debug|x64.ActiveCfg = Debug|x64
		{55E926CB-BFC5-3A0E-ADAD-FD4E39DD71F9}.Debug|x64.Build.0 = Debug|x64
		{55E926CB-BFC5-3A0E-ADAD-FD4E39DD71F9}.Release|x64.ActiveCfg = Release|x64
		{55E926CB-BFC5-3A0E-ADAD-FD4E39DD71F9}.Release|x64.Build.0 = Release|x64
		{F9623525-4603-360F-BFE5-552296441436}.Debug|x64.ActiveCfg = Debug|x64
		{F9623525-4603-360F-BFE5-552296441436}.Debug|x64.Build.0 = Debug|x64
		{F9623525-4603-360F-BFE5-552296441436}.Release|x64.ActiveCfg = Release|x64
		{F9623525-4603-360F-BFE5-552296441436}.Release|x64.Build.0 = Release|x64
		{8ACE2075-0CD4-3398-A7F1-87DF61FCCEB8}.Debug|x64.ActiveCfg = Debug|x64
		{8ACE2075-0CD4-3398-A7F1-87DF61FCCEB8}.Debug|x64.Build.0 = Debug|x64
		{8ACE2075-0CD4-3398-A7F1-87DF61FCCEB8}.Release|x64.ActiveCfg = Release|x64
		{8ACE2075-0CD4-3398-A7F1-87DF61FCCEB8}.Release|x64.Build.0 = Release|x64
		{893D15C5-0D63-3B56-AAF7-54FC3D988E0F}.Debug|x64.ActiveCfg = Debug|x64
		{893D15C5-0D63-3B56-AAF7-54FC3D988E0F}.Debug|x64.Build.0 = Debug|x64
		{893D15C5-0D63-3B56-AAF7-54FC3D988E0F}.Release|x64.ActiveCfg = Release|x64
		{893D15C5-0D63-3B56-AAF7-54FC3D988E0F}.Release|x64.Build.0 = Release|x64
		{6087FF41-A56A-306D-B02F-B6F34D1F8530}.Debug|x64.ActiveCfg = Debug|x64
		{6087FF41-A56A-306D-B02F-B6F34D1F8530}.Debug|x64.Build.0 = Debug|x64
		{6087FF41-A56A-306D-B02F-B6F34D1F8530}.Release|x64.ActiveCfg = Release|x64
		{6087FF41-A56A-306D-B02F-B6F34D1F8530}.Release|x64.Build.0 = Release|x64
	EndGlobalSection
	GlobalSection(ExtensibilityGlobals) = postSolution
		SolutionGuid = {860761A5-4D7E-304C-9F98-32C7671632DD}
	EndGlobalSection
	GlobalSection(ExtensibilityAddIns) = postSolution
	EndGlobalSection
EndGlobal
