<?xml version="1.0" encoding="utf-8"?>
<Project ToolsVersion="17.0" xmlns="http://schemas.microsoft.com/developer/msbuild/2003">
  <ItemGroup>
    <ClCompile Include="C:\Users\FIRAT\Desktop\00\00\src\pomodoro\src\pomodoro.cpp">
      <Filter>src</Filter>
    </ClCompile>
  </ItemGroup>
  <ItemGroup>
    <ClInclude Include="C:\Users\FIRAT\Desktop\00\00\src\pomodoro\header\pomodoro.h">
      <Filter>header</Filter>
    </ClInclude>
  </ItemGroup>
  <ItemGroup>
    <CustomBuild Include="C:\Users\FIRAT\Desktop\00\00\src\pomodoro\CMakeLists.txt" />
  </ItemGroup>
  <ItemGroup>
    <Filter Include="header">
      <UniqueIdentifier>{FF99B85B-D1DF-315D-87C4-6782DCFADA71}</UniqueIdentifier>
    </Filter>
    <Filter Include="src">
      <UniqueIdentifier>{188E2224-7FDE-3468-A28D-827773F088C4}</UniqueIdentifier>
    </Filter>
  </ItemGroup>
</Project>
